
Microsoft Visual Studio Solution File, Format Version 12.00
# Visual Studio Version 17
VisualStudioVersion = 17.3.32929.385
MinimumVisualStudioVersion = 10.0.40219.1
Project("{FAE04EC0-301F-11D3-BF4B-00C04F79EFBC}") = "WF", "WF\WF.csproj", "{258E089E-7A17-42E6-886F-09EA3F0BE83F}"
EndProject
Global
	GlobalSection(SolutionConfigurationPlatforms) = preSolution
		Debug|Any CPU = Debug|Any CPU
		Release|Any CPU = Release|Any CPU
	EndGlobalSection
	GlobalSection(ProjectConfigurationPlatforms) = postSolution
		{258E089E-7A17-42E6-886F-09EA3F0BE83F}.Debug|Any CPU.ActiveCfg = Debug|Any CPU
		{258E089E-7A17-42E6-886F-09EA3F0BE83F}.Debug|Any CPU.Build.0 = Debug|Any CPU
		{258E089E-7A17-42E6-886F-09EA3F0BE83F}.Release|Any CPU.ActiveCfg = Release|Any CPU
		{258E089E-7A17-42E6-886F-09EA3F0BE83F}.Release|Any CPU.Build.0 = Release|Any CPU
	EndGlobalSection
	GlobalSection(SolutionProperties) = preSolution
		HideSolutionNode = FALSE
	EndGlobalSection
	GlobalSection(ExtensibilityGlobals) = postSolution
		SolutionGuid = {95AC6783-A239-4BD0-8602-0ACEF9ECBDE3}
	EndGlobalSection
EndGlobal
